# This file is automatically @generated by Poetry 2.0.1 and should not be changed by hand.

[[package]]
name = "pyxel"
version = "2.3.1"
description = "A retro game engine for Python"
optional = false
python-versions = ">=3.8"
groups = ["main"]
files = [
    {file = "pyxel-2.3.1-cp38-abi3-macosx_10_12_x86_64.whl", hash = "sha256:a50e9e1ca6c7eb0f5433f0f6c1855a951232c2abf3f4e6b8b8bebf60152cdd93"},
    {file = "pyxel-2.3.1-cp38-abi3-macosx_11_0_arm64.whl", hash = "sha256:095a61e553e7a2d77562ad9c15f6a7dc12b8ea5c22e9732478d91ce4f09d61db"},
    {file = "pyxel-2.3.1-cp38-abi3-manylinux_2_17_aarch64.manylinux2014_aarch64.whl", hash = "sha256:525f40f51b83492411cd2614e689605ae045d5e2c824146c3ee28e4ea816eddc"},
    {file = "pyxel-2.3.1-cp38-abi3-manylinux_2_17_armv7l.manylinux2014_armv7l.whl", hash = "sha256:f1bdfa2c23250739cf757260be58f1ea8246dde8e065cd081e1adeaaa08745e3"},
    {file = "pyxel-2.3.1-cp38-abi3-manylinux_2_17_i686.manylinux2014_i686.whl", hash = "sha256:f792bc65fcad8717d7e2b764e0a38269ed2efd91ae34a6fd42ee809f0cdb4463"},
    {file = "pyxel-2.3.1-cp38-abi3-manylinux_2_17_x86_64.manylinux2014_x86_64.whl", hash = "sha256:088324762e822655ec8b01a5d151eead1b7db1ee33424d5adfd6ebbac5839d0a"},
    {file = "pyxel-2.3.1-cp38-abi3-win32.whl", hash = "sha256:d279f80b6dcbccde5f9a66d0ef7096f5f1e39c77c02c444f98f2ab2c5710d11d"},
    {file = "pyxel-2.3.1-cp38-abi3-win_amd64.whl", hash = "sha256:511946fbff5b77fc4d2011d70191266da28f9bc31298a0dc280fcd503a17a5e6"},
]

[metadata]
lock-version = "2.1"
python-versions = ">=3.9"
content-hash = "66293a7857cf3b7316bbca9a2fabc73ee6b4e0af82b5c2aabcad77456b62e039"
